
Microsoft Visual Studio Solution File, Format Version 12.00
Project("{FAE04EC0-301F-11D3-BF4B-00C04F79EFBC}") = "PhoneNumbers", "PhoneNumbers\PhoneNumbers.csproj", "{4A1621A1-9B80-4FB1-94E2-17331A7925AD}"
EndProject
Global
	GlobalSection(SolutionConfigurationPlatforms) = preSolution
		Debug|Any CPU = Debug|Any CPU
		Release|Any CPU = Release|Any CPU
	EndGlobalSection
	GlobalSection(ProjectConfigurationPlatforms) = postSolution
		{4A1621A1-9B80-4FB1-94E2-17331A7925AD}.Debug|Any CPU.ActiveCfg = Debug|Any CPU
		{4A1621A1-9B80-4FB1-94E2-17331A7925AD}.Debug|Any CPU.Build.0 = Debug|Any CPU
		{4A1621A1-9B80-4FB1-94E2-17331A7925AD}.Release|Any CPU.ActiveCfg = Release|Any CPU
		{4A1621A1-9B80-4FB1-94E2-17331A7925AD}.Release|Any CPU.Build.0 = Release|Any CPU
	EndGlobalSection
EndGlobal
